// !$*UTF8*$!
{
	archiveVersion = 1;
	classes = {
	};
	objectVersion = 46;
	objects = {

/* Begin PBXAggregateTarget section */
		D6988A2C18839DB600DEC402 /* GenDocumentation */ = {
			isa = PBXAggregateTarget;
			buildConfigurationList = D6988A3318839DB600DEC402 /* Build configuration list for PBXAggregateTarget "GenDocumentation" */;
			buildPhases = (
				D6988A3418839DC200DEC402 /* ShellScript */,
			);
			dependencies = (
			);
			name = GenDocumentation;
			productName = GenDocumentation;
		};
		D6D571F817937C9100034AF3 /* Mogenerator */ = {
			isa = PBXAggregateTarget;
			buildConfigurationList = D6D571F917937C9100034AF3 /* Build configuration list for PBXAggregateTarget "Mogenerator" */;
			buildPhases = (
				D6D571FC17937CA300034AF3 /* ShellScript */,
			);
			dependencies = (
			);
			name = Mogenerator;
			productName = Mogenerator;
		};
/* End PBXAggregateTarget section */

/* Begin PBXBuildFile section */
		D61163C919947FEF001A24B4 /* OCRBaseDetailTableViewController.m in Sources */ = {isa = PBXBuildFile; fileRef = D61163C819947FEF001A24B4 /* OCRBaseDetailTableViewController.m */; };
		D61163CD199481D2001A24B4 /* OCRResumeJobsTableViewController.m in Sources */ = {isa = PBXBuildFile; fileRef = D61163CC199481D2001A24B4 /* OCRResumeJobsTableViewController.m */; };
		D63D82BD179311350065F0A9 /* Foundation.framework in Frameworks */ = {isa = PBXBuildFile; fileRef = D63D82BC179311350065F0A9 /* Foundation.framework */; };
		D63D82BF179311350065F0A9 /* CoreGraphics.framework in Frameworks */ = {isa = PBXBuildFile; fileRef = D63D82BE179311350065F0A9 /* CoreGraphics.framework */; };
		D63D82C1179311350065F0A9 /* UIKit.framework in Frameworks */ = {isa = PBXBuildFile; fileRef = D63D82C0179311350065F0A9 /* UIKit.framework */; };
		D63D82C3179311350065F0A9 /* CoreData.framework in Frameworks */ = {isa = PBXBuildFile; fileRef = D63D82C2179311350065F0A9 /* CoreData.framework */; };
		D63D82C9179311350065F0A9 /* InfoPlist.strings in Resources */ = {isa = PBXBuildFile; fileRef = D63D82C7179311350065F0A9 /* InfoPlist.strings */; };
		D63D82CB179311350065F0A9 /* main.m in Sources */ = {isa = PBXBuildFile; fileRef = D63D82CA179311350065F0A9 /* main.m */; };
		D63D82CF179311350065F0A9 /* OCRAppDelegate.m in Sources */ = {isa = PBXBuildFile; fileRef = D63D82CE179311350065F0A9 /* OCRAppDelegate.m */; };
		D63D82D5179311350065F0A9 /* Main_iPad.storyboard in Resources */ = {isa = PBXBuildFile; fileRef = D63D82D3179311350065F0A9 /* Main_iPad.storyboard */; };
		D63D82DE179311350065F0A9 /* OCRBaseDetailViewController.m in Sources */ = {isa = PBXBuildFile; fileRef = D63D82DD179311350065F0A9 /* OCRBaseDetailViewController.m */; };
		D63D82E0179311350065F0A9 /* Images.xcassets in Resources */ = {isa = PBXBuildFile; fileRef = D63D82DF179311350065F0A9 /* Images.xcassets */; };
		D63D82E7179311350065F0A9 /* XCTest.framework in Frameworks */ = {isa = PBXBuildFile; fileRef = D63D82E6179311350065F0A9 /* XCTest.framework */; };
		D63D82E8179311350065F0A9 /* Foundation.framework in Frameworks */ = {isa = PBXBuildFile; fileRef = D63D82BC179311350065F0A9 /* Foundation.framework */; };
		D63D82E9179311350065F0A9 /* UIKit.framework in Frameworks */ = {isa = PBXBuildFile; fileRef = D63D82C0179311350065F0A9 /* UIKit.framework */; };
		D63D82EA179311350065F0A9 /* CoreData.framework in Frameworks */ = {isa = PBXBuildFile; fileRef = D63D82C2179311350065F0A9 /* CoreData.framework */; };
		D63D82F2179311350065F0A9 /* InfoPlist.strings in Resources */ = {isa = PBXBuildFile; fileRef = D63D82F0179311350065F0A9 /* InfoPlist.strings */; };
		D63D82F4179311350065F0A9 /* KOResumeTests.m in Sources */ = {isa = PBXBuildFile; fileRef = D63D82F3179311350065F0A9 /* KOResumeTests.m */; };
		D65D47D319D1014500D9FD8D /* OCRNoSelectionViewController.m in Sources */ = {isa = PBXBuildFile; fileRef = D65D47D219D1014500D9FD8D /* OCRNoSelectionViewController.m */; };
		D65D47D419D1014500D9FD8D /* OCRNoSelectionViewController.m in Sources */ = {isa = PBXBuildFile; fileRef = D65D47D219D1014500D9FD8D /* OCRNoSelectionViewController.m */; };
		D66D87D01991D55900644D39 /* OCRResumeOverviewViewController.m in Sources */ = {isa = PBXBuildFile; fileRef = D66D87CF1991D55900644D39 /* OCRResumeOverviewViewController.m */; };
		D66D87D11991D55900644D39 /* OCRResumeOverviewViewController.m in Sources */ = {isa = PBXBuildFile; fileRef = D66D87CF1991D55900644D39 /* OCRResumeOverviewViewController.m */; };
		D67C0F16199707F20053C04C /* OCRResumeEducationViewController.m in Sources */ = {isa = PBXBuildFile; fileRef = D67C0F15199707F20053C04C /* OCRResumeEducationViewController.m */; };
		D67D6E6819C1470700F97694 /* OCRDatePickerViewController.m in Sources */ = {isa = PBXBuildFile; fileRef = D67D6E6719C1470700F97694 /* OCRDatePickerViewController.m */; };
		D67D6E6919C1470700F97694 /* OCRDatePickerViewController.m in Sources */ = {isa = PBXBuildFile; fileRef = D67D6E6719C1470700F97694 /* OCRDatePickerViewController.m */; };
		D6AC3D3E179A3F21001D8D75 /* OCRPackagesCell.m in Sources */ = {isa = PBXBuildFile; fileRef = D6AC3D3D179A3F21001D8D75 /* OCRPackagesCell.m */; };
		D6AC3D3F179A3F21001D8D75 /* OCRPackagesCell.m in Sources */ = {isa = PBXBuildFile; fileRef = D6AC3D3D179A3F21001D8D75 /* OCRPackagesCell.m */; };
		D6B256BD18C00554006A0343 /* OCRTableViewHeaderCell.m in Sources */ = {isa = PBXBuildFile; fileRef = D6B256BC18C00554006A0343 /* OCRTableViewHeaderCell.m */; };
		D6B256BE18C00554006A0343 /* OCRTableViewHeaderCell.m in Sources */ = {isa = PBXBuildFile; fileRef = D6B256BC18C00554006A0343 /* OCRTableViewHeaderCell.m */; };
		D6B408111798E9ED00C567FF /* OCRAppDelegate.m in Sources */ = {isa = PBXBuildFile; fileRef = D63D82CE179311350065F0A9 /* OCRAppDelegate.m */; };
		D6B408121798E9F600C567FF /* OCRBaseDetailViewController.m in Sources */ = {isa = PBXBuildFile; fileRef = D63D82DD179311350065F0A9 /* OCRBaseDetailViewController.m */; };
		D6B408131798EA5100C567FF /* OCRCoreDataController.m in Sources */ = {isa = PBXBuildFile; fileRef = D6D571B0179335FF00034AF3 /* OCRCoreDataController.m */; };
		D6B408141798EA5B00C567FF /* main.m in Sources */ = {isa = PBXBuildFile; fileRef = D63D82CA179311350065F0A9 /* main.m */; };
		D6B4734F18F7B00F004E9D84 /* SVWebViewController.strings in Resources */ = {isa = PBXBuildFile; fileRef = D6B4734218F7B00F004E9D84 /* SVWebViewController.strings */; };
		D6B4735018F7B00F004E9D84 /* SVWebViewController.strings in Resources */ = {isa = PBXBuildFile; fileRef = D6B4734218F7B00F004E9D84 /* SVWebViewController.strings */; };
		D6B4735118F7B00F004E9D84 /* SVModalWebViewController.m in Sources */ = {isa = PBXBuildFile; fileRef = D6B4734918F7B00F004E9D84 /* SVModalWebViewController.m */; };
		D6B4735218F7B00F004E9D84 /* SVModalWebViewController.m in Sources */ = {isa = PBXBuildFile; fileRef = D6B4734918F7B00F004E9D84 /* SVModalWebViewController.m */; };
		D6B4735318F7B00F004E9D84 /* SVWebViewController.bundle in Resources */ = {isa = PBXBuildFile; fileRef = D6B4734A18F7B00F004E9D84 /* SVWebViewController.bundle */; };
		D6B4735418F7B00F004E9D84 /* SVWebViewController.bundle in Resources */ = {isa = PBXBuildFile; fileRef = D6B4734A18F7B00F004E9D84 /* SVWebViewController.bundle */; };
		D6B4735518F7B00F004E9D84 /* SVWebViewController.m in Sources */ = {isa = PBXBuildFile; fileRef = D6B4734C18F7B00F004E9D84 /* SVWebViewController.m */; };
		D6B4735618F7B00F004E9D84 /* SVWebViewController.m in Sources */ = {isa = PBXBuildFile; fileRef = D6B4734C18F7B00F004E9D84 /* SVWebViewController.m */; };
		D6B4864417964863009E6A14 /* Packages.m in Sources */ = {isa = PBXBuildFile; fileRef = D6D572041793991500034AF3 /* Packages.m */; };
		D6B4864517964864009E6A14 /* Packages.m in Sources */ = {isa = PBXBuildFile; fileRef = D6D572041793991500034AF3 /* Packages.m */; };
		D6B486461796486A009E6A14 /* Accomplishments.m in Sources */ = {isa = PBXBuildFile; fileRef = D6D572061793991500034AF3 /* Accomplishments.m */; };
		D6B486471796486B009E6A14 /* Accomplishments.m in Sources */ = {isa = PBXBuildFile; fileRef = D6D572061793991500034AF3 /* Accomplishments.m */; };
		D6B4864817964875009E6A14 /* Education.m in Sources */ = {isa = PBXBuildFile; fileRef = D6D572021793991500034AF3 /* Education.m */; };
		D6B4864917964876009E6A14 /* Education.m in Sources */ = {isa = PBXBuildFile; fileRef = D6D572021793991500034AF3 /* Education.m */; };
		D6B4864A1796487B009E6A14 /* Jobs.m in Sources */ = {isa = PBXBuildFile; fileRef = D6D572001793991500034AF3 /* Jobs.m */; };
		D6B4864B1796487C009E6A14 /* Jobs.m in Sources */ = {isa = PBXBuildFile; fileRef = D6D572001793991500034AF3 /* Jobs.m */; };
		D6B4864C17964881009E6A14 /* Resumes.m in Sources */ = {isa = PBXBuildFile; fileRef = D6D571FE1793991400034AF3 /* Resumes.m */; };
		D6B4864D17964882009E6A14 /* Resumes.m in Sources */ = {isa = PBXBuildFile; fileRef = D6D571FE1793991400034AF3 /* Resumes.m */; };
		D6BA20EE17B881E90068F4D9 /* OCRCoverLtrViewController.m in Sources */ = {isa = PBXBuildFile; fileRef = D6BA20ED17B881E90068F4D9 /* OCRCoverLtrViewController.m */; };
		D6BA20EF17B881E90068F4D9 /* OCRCoverLtrViewController.m in Sources */ = {isa = PBXBuildFile; fileRef = D6BA20ED17B881E90068F4D9 /* OCRCoverLtrViewController.m */; };
		D6BC469419BA2A3700B9C33F /* UITextField+KOResume.m in Sources */ = {isa = PBXBuildFile; fileRef = D6BC469319BA2A3700B9C33F /* UITextField+KOResume.m */; };
		D6BC469719BA2D5D00B9C33F /* NSString+KOResume.m in Sources */ = {isa = PBXBuildFile; fileRef = D6BC469619BA2D5D00B9C33F /* NSString+KOResume.m */; };
		D6BC469819BA2D5D00B9C33F /* NSString+KOResume.m in Sources */ = {isa = PBXBuildFile; fileRef = D6BC469619BA2D5D00B9C33F /* NSString+KOResume.m */; };
		D6BC469919BA2D6C00B9C33F /* UITextField+KOResume.m in Sources */ = {isa = PBXBuildFile; fileRef = D6BC469319BA2A3700B9C33F /* UITextField+KOResume.m */; };
		D6BE16D819AAF05100147081 /* OCRPackagesTableViewController.m in Sources */ = {isa = PBXBuildFile; fileRef = D6BE16D719AAF05100147081 /* OCRPackagesTableViewController.m */; };
		D6BE16D919AAF05100147081 /* OCRPackagesTableViewController.m in Sources */ = {isa = PBXBuildFile; fileRef = D6BE16D719AAF05100147081 /* OCRPackagesTableViewController.m */; };
		D6C1DCC019C5F6DD00D38336 /* OCRAccomplishmentTableViewCell.m in Sources */ = {isa = PBXBuildFile; fileRef = D6C1DCBF19C5F6DD00D38336 /* OCRAccomplishmentTableViewCell.m */; };
		D6C1DCC119C5F6DD00D38336 /* OCRAccomplishmentTableViewCell.m in Sources */ = {isa = PBXBuildFile; fileRef = D6C1DCBF19C5F6DD00D38336 /* OCRAccomplishmentTableViewCell.m */; };
		D6C3161319D89FFC006B8297 /* KOResume.sqlite in Resources */ = {isa = PBXBuildFile; fileRef = D6C3161219D89FFC006B8297 /* KOResume.sqlite */; };
		D6C3161419D89FFC006B8297 /* KOResume.sqlite in Resources */ = {isa = PBXBuildFile; fileRef = D6C3161219D89FFC006B8297 /* KOResume.sqlite */; };
		D6C3FC43199F0F71000457F4 /* SystemConfiguration.framework in Frameworks */ = {isa = PBXBuildFile; fileRef = D6C3FC42199F0F71000457F4 /* SystemConfiguration.framework */; };
		D6C6F14E18AFD58B003A8C92 /* README.md in Resources */ = {isa = PBXBuildFile; fileRef = D6C6F14D18AFD58B003A8C92 /* README.md */; };
		D6C6F15918B27AD3003A8C92 /* KOResume.xcdatamodeld in Sources */ = {isa = PBXBuildFile; fileRef = D6C6F15718B27AD3003A8C92 /* KOResume.xcdatamodeld */; };
		D6C6F15A18B27AD3003A8C92 /* KOResume.xcdatamodeld in Sources */ = {isa = PBXBuildFile; fileRef = D6C6F15718B27AD3003A8C92 /* KOResume.xcdatamodeld */; };
		D6C8D2DF18F1D3E200E76376 /* OCRResumeJobsDetailViewController.m in Sources */ = {isa = PBXBuildFile; fileRef = D6C8D2DE18F1D3E200E76376 /* OCRResumeJobsDetailViewController.m */; };
		D6C8D2E018F1D3E200E76376 /* OCRResumeJobsDetailViewController.m in Sources */ = {isa = PBXBuildFile; fileRef = D6C8D2DE18F1D3E200E76376 /* OCRResumeJobsDetailViewController.m */; };
		D6CB27CD194D419C009E8D50 /* OCREducationTableViewCell.m in Sources */ = {isa = PBXBuildFile; fileRef = D6CB27CC194D419C009E8D50 /* OCREducationTableViewCell.m */; };
		D6CB27CE194D419C009E8D50 /* OCREducationTableViewCell.m in Sources */ = {isa = PBXBuildFile; fileRef = D6CB27CC194D419C009E8D50 /* OCREducationTableViewCell.m */; };
		D6D571B11793366000034AF3 /* OCRCoreDataController.m in Sources */ = {isa = PBXBuildFile; fileRef = D6D571B0179335FF00034AF3 /* OCRCoreDataController.m */; };
		D6D571B71793395F00034AF3 /* OCRGlobalConstants.m in Sources */ = {isa = PBXBuildFile; fileRef = D6D571B31793395F00034AF3 /* OCRGlobalConstants.m */; };
		D6D571B81793395F00034AF3 /* OCRGlobalConstants.m in Sources */ = {isa = PBXBuildFile; fileRef = D6D571B31793395F00034AF3 /* OCRGlobalConstants.m */; };
		D6D572111793A78600034AF3 /* _Accomplishments.m in Sources */ = {isa = PBXBuildFile; fileRef = D6D572081793A78600034AF3 /* _Accomplishments.m */; };
		D6D572121793A78600034AF3 /* _Accomplishments.m in Sources */ = {isa = PBXBuildFile; fileRef = D6D572081793A78600034AF3 /* _Accomplishments.m */; };
		D6D572131793A78600034AF3 /* _Education.m in Sources */ = {isa = PBXBuildFile; fileRef = D6D5720A1793A78600034AF3 /* _Education.m */; };
		D6D572141793A78600034AF3 /* _Education.m in Sources */ = {isa = PBXBuildFile; fileRef = D6D5720A1793A78600034AF3 /* _Education.m */; };
		D6D572151793A78600034AF3 /* _Jobs.m in Sources */ = {isa = PBXBuildFile; fileRef = D6D5720C1793A78600034AF3 /* _Jobs.m */; };
		D6D572161793A78600034AF3 /* _Jobs.m in Sources */ = {isa = PBXBuildFile; fileRef = D6D5720C1793A78600034AF3 /* _Jobs.m */; };
		D6D572171793A78600034AF3 /* _Packages.m in Sources */ = {isa = PBXBuildFile; fileRef = D6D5720E1793A78600034AF3 /* _Packages.m */; };
		D6D572181793A78600034AF3 /* _Packages.m in Sources */ = {isa = PBXBuildFile; fileRef = D6D5720E1793A78600034AF3 /* _Packages.m */; };
		D6D572191793A78600034AF3 /* _Resumes.m in Sources */ = {isa = PBXBuildFile; fileRef = D6D572101793A78600034AF3 /* _Resumes.m */; };
		D6D5721A1793A78600034AF3 /* _Resumes.m in Sources */ = {isa = PBXBuildFile; fileRef = D6D572101793A78600034AF3 /* _Resumes.m */; };
		D6D8AE0519B5617E003B1B61 /* Crashlytics.framework in Frameworks */ = {isa = PBXBuildFile; fileRef = D6D8AE0419B5617D003B1B61 /* Crashlytics.framework */; };
		D6D8AE0619B5617E003B1B61 /* Crashlytics.framework in Frameworks */ = {isa = PBXBuildFile; fileRef = D6D8AE0419B5617D003B1B61 /* Crashlytics.framework */; };
		KIYDQKWBMRKIEYEVRWSLKUDQ /* QuartzCore.framework in Frameworks */ = {isa = PBXBuildFile; fileRef = HYXIFWTDXJPPRRMDCEPMDTJH /* QuartzCore.framework */; };
		KNPONLATPTEBRUFEBXNXFHCQ /* libz.dylib in Frameworks */ = {isa = PBXBuildFile; fileRef = THBDITSPYVFDWQYYBDCIDIXG /* libz.dylib */; };
/* End PBXBuildFile section */

/* Begin PBXContainerItemProxy section */
		D63D82EB179311350065F0A9 /* PBXContainerItemProxy */ = {
			isa = PBXContainerItemProxy;
			containerPortal = D63D82B1179311350065F0A9 /* Project object */;
			proxyType = 1;
			remoteGlobalIDString = D63D82B8179311350065F0A9;
			remoteInfo = KOResume;
		};
/* End PBXContainerItemProxy section */

/* Begin PBXFileReference section */
		04F0CFBC17FF4F5800930FC9 /* fr */ = {isa = PBXFileReference; lastKnownFileType = text.plist.strings; name = fr; path = fr.lproj/Main_iPad.strings; sourceTree = "<group>"; };
		04F0CFBD17FF4F5800930FC9 /* fr */ = {isa = PBXFileReference; lastKnownFileType = text.plist.strings; name = fr; path = fr.lproj/InfoPlist.strings; sourceTree = "<group>"; };
		04F0CFBE17FF4F5800930FC9 /* fr */ = {isa = PBXFileReference; lastKnownFileType = text.plist.strings; name = fr; path = fr.lproj/InfoPlist.strings; sourceTree = "<group>"; };
		04F0CFC017FF4F8100930FC9 /* fr-CA */ = {isa = PBXFileReference; lastKnownFileType = text.plist.strings; name = "fr-CA"; path = "fr-CA.lproj/Main_iPad.strings"; sourceTree = "<group>"; };
		04F0CFC117FF4F8100930FC9 /* fr-CA */ = {isa = PBXFileReference; lastKnownFileType = text.plist.strings; name = "fr-CA"; path = "fr-CA.lproj/InfoPlist.strings"; sourceTree = "<group>"; };
		04F0CFC217FF4F8100930FC9 /* fr-CA */ = {isa = PBXFileReference; lastKnownFileType = text.plist.strings; name = "fr-CA"; path = "fr-CA.lproj/InfoPlist.strings"; sourceTree = "<group>"; };
		04F0CFC417FF4F9800930FC9 /* fr-FR */ = {isa = PBXFileReference; lastKnownFileType = text.plist.strings; name = "fr-FR"; path = "fr-FR.lproj/Main_iPad.strings"; sourceTree = "<group>"; };
		04F0CFC517FF4F9800930FC9 /* fr-FR */ = {isa = PBXFileReference; lastKnownFileType = text.plist.strings; name = "fr-FR"; path = "fr-FR.lproj/InfoPlist.strings"; sourceTree = "<group>"; };
		04F0CFC617FF4F9800930FC9 /* fr-FR */ = {isa = PBXFileReference; lastKnownFileType = text.plist.strings; name = "fr-FR"; path = "fr-FR.lproj/InfoPlist.strings"; sourceTree = "<group>"; };
		D61163C219947D5F001A24B4 /* OCRDetailViewProtocol.h */ = {isa = PBXFileReference; fileEncoding = 4; lastKnownFileType = sourcecode.c.h; name = OCRDetailViewProtocol.h; path = Classes/OCRDetailViewProtocol.h; sourceTree = "<group>"; };
		D61163C719947FEF001A24B4 /* OCRBaseDetailTableViewController.h */ = {isa = PBXFileReference; fileEncoding = 4; lastKnownFileType = sourcecode.c.h; name = OCRBaseDetailTableViewController.h; path = Classes/OCRBaseDetailTableViewController.h; sourceTree = "<group>"; };
		D61163C819947FEF001A24B4 /* OCRBaseDetailTableViewController.m */ = {isa = PBXFileReference; fileEncoding = 4; lastKnownFileType = sourcecode.c.objc; name = OCRBaseDetailTableViewController.m; path = Classes/OCRBaseDetailTableViewController.m; sourceTree = "<group>"; };
		D61163CB199481D2001A24B4 /* OCRResumeJobsTableViewController.h */ = {isa = PBXFileReference; fileEncoding = 4; lastKnownFileType = sourcecode.c.h; name = OCRResumeJobsTableViewController.h; path = Classes/OCRResumeJobsTableViewController.h; sourceTree = "<group>"; };
		D61163CC199481D2001A24B4 /* OCRResumeJobsTableViewController.m */ = {isa = PBXFileReference; fileEncoding = 4; lastKnownFileType = sourcecode.c.objc; name = OCRResumeJobsTableViewController.m; path = Classes/OCRResumeJobsTableViewController.m; sourceTree = "<group>"; };
		D63D82B9179311350065F0A9 /* koresume.app */ = {isa = PBXFileReference; explicitFileType = wrapper.application; includeInIndex = 0; path = koresume.app; sourceTree = BUILT_PRODUCTS_DIR; };
		D63D82BC179311350065F0A9 /* Foundation.framework */ = {isa = PBXFileReference; lastKnownFileType = wrapper.framework; name = Foundation.framework; path = System/Library/Frameworks/Foundation.framework; sourceTree = SDKROOT; };
		D63D82BE179311350065F0A9 /* CoreGraphics.framework */ = {isa = PBXFileReference; lastKnownFileType = wrapper.framework; name = CoreGraphics.framework; path = System/Library/Frameworks/CoreGraphics.framework; sourceTree = SDKROOT; };
		D63D82C0179311350065F0A9 /* UIKit.framework */ = {isa = PBXFileReference; lastKnownFileType = wrapper.framework; name = UIKit.framework; path = System/Library/Frameworks/UIKit.framework; sourceTree = SDKROOT; };
		D63D82C2179311350065F0A9 /* CoreData.framework */ = {isa = PBXFileReference; lastKnownFileType = wrapper.framework; name = CoreData.framework; path = System/Library/Frameworks/CoreData.framework; sourceTree = SDKROOT; };
		D63D82C6179311350065F0A9 /* KOResume-Info.plist */ = {isa = PBXFileReference; lastKnownFileType = text.plist.xml; path = "KOResume-Info.plist"; sourceTree = "<group>"; };
		D63D82CA179311350065F0A9 /* main.m */ = {isa = PBXFileReference; lastKnownFileType = sourcecode.c.objc; path = main.m; sourceTree = "<group>"; };
		D63D82CC179311350065F0A9 /* KOResume-Prefix.pch */ = {isa = PBXFileReference; lastKnownFileType = sourcecode.c.h; path = "KOResume-Prefix.pch"; sourceTree = "<group>"; };
		D63D82CD179311350065F0A9 /* OCRAppDelegate.h */ = {isa = PBXFileReference; lastKnownFileType = sourcecode.c.h; name = OCRAppDelegate.h; path = Classes/OCRAppDelegate.h; sourceTree = "<group>"; };
		D63D82CE179311350065F0A9 /* OCRAppDelegate.m */ = {isa = PBXFileReference; lastKnownFileType = sourcecode.c.objc; name = OCRAppDelegate.m; path = Classes/OCRAppDelegate.m; sourceTree = "<group>"; };
		D63D82D4179311350065F0A9 /* Base */ = {isa = PBXFileReference; lastKnownFileType = file.storyboard; name = Base; path = Base.lproj/Main_iPad.storyboard; sourceTree = "<group>"; };
		D63D82DC179311350065F0A9 /* OCRBaseDetailViewController.h */ = {isa = PBXFileReference; lastKnownFileType = sourcecode.c.h; name = OCRBaseDetailViewController.h; path = Classes/OCRBaseDetailViewController.h; sourceTree = "<group>"; };
		D63D82DD179311350065F0A9 /* OCRBaseDetailViewController.m */ = {isa = PBXFileReference; lastKnownFileType = sourcecode.c.objc; name = OCRBaseDetailViewController.m; path = Classes/OCRBaseDetailViewController.m; sourceTree = "<group>"; };
		D63D82DF179311350065F0A9 /* Images.xcassets */ = {isa = PBXFileReference; lastKnownFileType = folder.assetcatalog; path = Images.xcassets; sourceTree = "<group>"; };
		D63D82E5179311350065F0A9 /* KOResumeTests.xctest */ = {isa = PBXFileReference; explicitFileType = wrapper.cfbundle; includeInIndex = 0; path = KOResumeTests.xctest; sourceTree = BUILT_PRODUCTS_DIR; };
		D63D82E6179311350065F0A9 /* XCTest.framework */ = {isa = PBXFileReference; lastKnownFileType = wrapper.framework; name = XCTest.framework; path = Library/Frameworks/XCTest.framework; sourceTree = DEVELOPER_DIR; };
		D63D82EF179311350065F0A9 /* KOResumeTests-Info.plist */ = {isa = PBXFileReference; lastKnownFileType = text.plist.xml; path = "KOResumeTests-Info.plist"; sourceTree = "<group>"; };
		D63D82F3179311350065F0A9 /* KOResumeTests.m */ = {isa = PBXFileReference; lastKnownFileType = sourcecode.c.objc; path = KOResumeTests.m; sourceTree = "<group>"; };
		D65D47D119D1014500D9FD8D /* OCRNoSelectionViewController.h */ = {isa = PBXFileReference; fileEncoding = 4; lastKnownFileType = sourcecode.c.h; name = OCRNoSelectionViewController.h; path = Classes/OCRNoSelectionViewController.h; sourceTree = "<group>"; };
		D65D47D219D1014500D9FD8D /* OCRNoSelectionViewController.m */ = {isa = PBXFileReference; fileEncoding = 4; lastKnownFileType = sourcecode.c.objc; name = OCRNoSelectionViewController.m; path = Classes/OCRNoSelectionViewController.m; sourceTree = "<group>"; };
		D66D87CE1991D55900644D39 /* OCRResumeOverviewViewController.h */ = {isa = PBXFileReference; fileEncoding = 4; lastKnownFileType = sourcecode.c.h; name = OCRResumeOverviewViewController.h; path = Classes/OCRResumeOverviewViewController.h; sourceTree = "<group>"; };
		D66D87CF1991D55900644D39 /* OCRResumeOverviewViewController.m */ = {isa = PBXFileReference; fileEncoding = 4; lastKnownFileType = sourcecode.c.objc; name = OCRResumeOverviewViewController.m; path = Classes/OCRResumeOverviewViewController.m; sourceTree = "<group>"; };
		D67C0F14199707F20053C04C /* OCRResumeEducationViewController.h */ = {isa = PBXFileReference; fileEncoding = 4; lastKnownFileType = sourcecode.c.h; name = OCRResumeEducationViewController.h; path = Classes/OCRResumeEducationViewController.h; sourceTree = "<group>"; };
		D67C0F15199707F20053C04C /* OCRResumeEducationViewController.m */ = {isa = PBXFileReference; fileEncoding = 4; lastKnownFileType = sourcecode.c.objc; name = OCRResumeEducationViewController.m; path = Classes/OCRResumeEducationViewController.m; sourceTree = "<group>"; };
		D67D6E6619C1470700F97694 /* OCRDatePickerViewController.h */ = {isa = PBXFileReference; fileEncoding = 4; lastKnownFileType = sourcecode.c.h; name = OCRDatePickerViewController.h; path = Classes/OCRDatePickerViewController.h; sourceTree = "<group>"; };
		D67D6E6719C1470700F97694 /* OCRDatePickerViewController.m */ = {isa = PBXFileReference; fileEncoding = 4; lastKnownFileType = sourcecode.c.objc; name = OCRDatePickerViewController.m; path = Classes/OCRDatePickerViewController.m; sourceTree = "<group>"; };
		D6ABF9AA187A0DD700AECF28 /* OCRGlobalMacros.h */ = {isa = PBXFileReference; lastKnownFileType = sourcecode.c.h; path = OCRGlobalMacros.h; sourceTree = "<group>"; };
		D6AC3D3C179A3F21001D8D75 /* OCRPackagesCell.h */ = {isa = PBXFileReference; fileEncoding = 4; lastKnownFileType = sourcecode.c.h; name = OCRPackagesCell.h; path = Classes/OCRPackagesCell.h; sourceTree = "<group>"; };
		D6AC3D3D179A3F21001D8D75 /* OCRPackagesCell.m */ = {isa = PBXFileReference; fileEncoding = 4; lastKnownFileType = sourcecode.c.objc; name = OCRPackagesCell.m; path = Classes/OCRPackagesCell.m; sourceTree = "<group>"; };
		D6B256BB18C00554006A0343 /* OCRTableViewHeaderCell.h */ = {isa = PBXFileReference; fileEncoding = 4; lastKnownFileType = sourcecode.c.h; name = OCRTableViewHeaderCell.h; path = Classes/OCRTableViewHeaderCell.h; sourceTree = "<group>"; };
		D6B256BC18C00554006A0343 /* OCRTableViewHeaderCell.m */ = {isa = PBXFileReference; fileEncoding = 4; lastKnownFileType = sourcecode.c.objc; name = OCRTableViewHeaderCell.m; path = Classes/OCRTableViewHeaderCell.m; sourceTree = "<group>"; };
		D6B4734318F7B00F004E9D84 /* da */ = {isa = PBXFileReference; lastKnownFileType = text.plist.strings; name = da; path = da.lproj/SVWebViewController.strings; sourceTree = "<group>"; };
		D6B4734418F7B00F004E9D84 /* en */ = {isa = PBXFileReference; lastKnownFileType = text.plist.strings; name = en; path = en.lproj/SVWebViewController.strings; sourceTree = "<group>"; };
		D6B4734518F7B00F004E9D84 /* es-ES */ = {isa = PBXFileReference; lastKnownFileType = text.plist.strings; name = "es-ES"; path = "es-ES.lproj/SVWebViewController.strings"; sourceTree = "<group>"; };
		D6B4734618F7B00F004E9D84 /* es */ = {isa = PBXFileReference; lastKnownFileType = text.plist.strings; name = es; path = es.lproj/SVWebViewController.strings; sourceTree = "<group>"; };
		D6B4734718F7B00F004E9D84 /* fr */ = {isa = PBXFileReference; lastKnownFileType = text.plist.strings; name = fr; path = fr.lproj/SVWebViewController.strings; sourceTree = "<group>"; };
		D6B4734818F7B00F004E9D84 /* SVModalWebViewController.h */ = {isa = PBXFileReference; fileEncoding = 4; lastKnownFileType = sourcecode.c.h; path = SVModalWebViewController.h; sourceTree = "<group>"; };
		D6B4734918F7B00F004E9D84 /* SVModalWebViewController.m */ = {isa = PBXFileReference; fileEncoding = 4; lastKnownFileType = sourcecode.c.objc; path = SVModalWebViewController.m; sourceTree = "<group>"; };
		D6B4734A18F7B00F004E9D84 /* SVWebViewController.bundle */ = {isa = PBXFileReference; lastKnownFileType = "wrapper.plug-in"; path = SVWebViewController.bundle; sourceTree = "<group>"; };
		D6B4734B18F7B00F004E9D84 /* SVWebViewController.h */ = {isa = PBXFileReference; fileEncoding = 4; lastKnownFileType = sourcecode.c.h; path = SVWebViewController.h; sourceTree = "<group>"; };
		D6B4734C18F7B00F004E9D84 /* SVWebViewController.m */ = {isa = PBXFileReference; fileEncoding = 4; lastKnownFileType = sourcecode.c.objc; path = SVWebViewController.m; sourceTree = "<group>"; };
		D6B4734D18F7B00F004E9D84 /* zh-Hans */ = {isa = PBXFileReference; lastKnownFileType = text.plist.strings; name = "zh-Hans"; path = "zh-Hans.lproj/SVWebViewController.strings"; sourceTree = "<group>"; };
		D6B4734E18F7B00F004E9D84 /* zh-Hant */ = {isa = PBXFileReference; lastKnownFileType = text.plist.strings; name = "zh-Hant"; path = "zh-Hant.lproj/SVWebViewController.strings"; sourceTree = "<group>"; };
		D6BA20EC17B881E90068F4D9 /* OCRCoverLtrViewController.h */ = {isa = PBXFileReference; fileEncoding = 4; lastKnownFileType = sourcecode.c.h; name = OCRCoverLtrViewController.h; path = Classes/OCRCoverLtrViewController.h; sourceTree = "<group>"; };
		D6BA20ED17B881E90068F4D9 /* OCRCoverLtrViewController.m */ = {isa = PBXFileReference; fileEncoding = 4; lastKnownFileType = sourcecode.c.objc; name = OCRCoverLtrViewController.m; path = Classes/OCRCoverLtrViewController.m; sourceTree = "<group>"; };
		D6BC469219BA2A3700B9C33F /* UITextField+KOResume.h */ = {isa = PBXFileReference; fileEncoding = 4; lastKnownFileType = sourcecode.c.h; path = "UITextField+KOResume.h"; sourceTree = "<group>"; };
		D6BC469319BA2A3700B9C33F /* UITextField+KOResume.m */ = {isa = PBXFileReference; fileEncoding = 4; lastKnownFileType = sourcecode.c.objc; path = "UITextField+KOResume.m"; sourceTree = "<group>"; };
		D6BC469519BA2D5D00B9C33F /* NSString+KOResume.h */ = {isa = PBXFileReference; fileEncoding = 4; lastKnownFileType = sourcecode.c.h; path = "NSString+KOResume.h"; sourceTree = "<group>"; };
		D6BC469619BA2D5D00B9C33F /* NSString+KOResume.m */ = {isa = PBXFileReference; fileEncoding = 4; lastKnownFileType = sourcecode.c.objc; path = "NSString+KOResume.m"; sourceTree = "<group>"; };
		D6BE16D019A97BBF00147081 /* OCRGlobalConstants.h */ = {isa = PBXFileReference; fileEncoding = 4; lastKnownFileType = sourcecode.c.h; path = OCRGlobalConstants.h; sourceTree = "<group>"; };
		D6BE16D119A98AA200147081 /* OCRPrivateKeys.h */ = {isa = PBXFileReference; fileEncoding = 4; lastKnownFileType = sourcecode.c.h; path = OCRPrivateKeys.h; sourceTree = "<group>"; };
		D6BE16D619AAF05100147081 /* OCRPackagesTableViewController.h */ = {isa = PBXFileReference; fileEncoding = 4; lastKnownFileType = sourcecode.c.h; name = OCRPackagesTableViewController.h; path = Classes/OCRPackagesTableViewController.h; sourceTree = "<group>"; };
		D6BE16D719AAF05100147081 /* OCRPackagesTableViewController.m */ = {isa = PBXFileReference; fileEncoding = 4; lastKnownFileType = sourcecode.c.objc; name = OCRPackagesTableViewController.m; path = Classes/OCRPackagesTableViewController.m; sourceTree = "<group>"; };
		D6C1DCBE19C5F6DD00D38336 /* OCRAccomplishmentTableViewCell.h */ = {isa = PBXFileReference; fileEncoding = 4; lastKnownFileType = sourcecode.c.h; name = OCRAccomplishmentTableViewCell.h; path = Classes/OCRAccomplishmentTableViewCell.h; sourceTree = "<group>"; };
		D6C1DCBF19C5F6DD00D38336 /* OCRAccomplishmentTableViewCell.m */ = {isa = PBXFileReference; fileEncoding = 4; lastKnownFileType = sourcecode.c.objc; name = OCRAccomplishmentTableViewCell.m; path = Classes/OCRAccomplishmentTableViewCell.m; sourceTree = "<group>"; };
		D6C3161219D89FFC006B8297 /* KOResume.sqlite */ = {isa = PBXFileReference; lastKnownFileType = file; name = KOResume.sqlite; path = Resources/KOResume.sqlite; sourceTree = "<group>"; };
		D6C3FC42199F0F71000457F4 /* SystemConfiguration.framework */ = {isa = PBXFileReference; lastKnownFileType = wrapper.framework; name = SystemConfiguration.framework; path = System/Library/Frameworks/SystemConfiguration.framework; sourceTree = SDKROOT; };
		D6C6F14D18AFD58B003A8C92 /* README.md */ = {isa = PBXFileReference; fileEncoding = 4; lastKnownFileType = text; path = README.md; sourceTree = "<group>"; };
		D6C6F15818B27AD3003A8C92 /* KOResume.xcdatamodel */ = {isa = PBXFileReference; lastKnownFileType = wrapper.xcdatamodel; path = KOResume.xcdatamodel; sourceTree = "<group>"; };
		D6C8D2DD18F1D3E200E76376 /* OCRResumeJobsDetailViewController.h */ = {isa = PBXFileReference; fileEncoding = 4; lastKnownFileType = sourcecode.c.h; name = OCRResumeJobsDetailViewController.h; path = Classes/OCRResumeJobsDetailViewController.h; sourceTree = "<group>"; };
		D6C8D2DE18F1D3E200E76376 /* OCRResumeJobsDetailViewController.m */ = {isa = PBXFileReference; fileEncoding = 4; lastKnownFileType = sourcecode.c.objc; name = OCRResumeJobsDetailViewController.m; path = Classes/OCRResumeJobsDetailViewController.m; sourceTree = "<group>"; };
		D6CB27CB194D419C009E8D50 /* OCREducationTableViewCell.h */ = {isa = PBXFileReference; fileEncoding = 4; lastKnownFileType = sourcecode.c.h; name = OCREducationTableViewCell.h; path = Classes/OCREducationTableViewCell.h; sourceTree = "<group>"; };
		D6CB27CC194D419C009E8D50 /* OCREducationTableViewCell.m */ = {isa = PBXFileReference; fileEncoding = 4; lastKnownFileType = sourcecode.c.objc; name = OCREducationTableViewCell.m; path = Classes/OCREducationTableViewCell.m; sourceTree = "<group>"; };
		D6CB27D3194E4079009E8D50 /* OCRCellTextFieldDelegateProtocol.h */ = {isa = PBXFileReference; lastKnownFileType = sourcecode.c.h; name = OCRCellTextFieldDelegateProtocol.h; path = Classes/OCRCellTextFieldDelegateProtocol.h; sourceTree = "<group>"; };
		D6D571AF179335FF00034AF3 /* OCRCoreDataController.h */ = {isa = PBXFileReference; lastKnownFileType = sourcecode.c.h; name = OCRCoreDataController.h; path = Classes/DataModel/OCRCoreDataController.h; sourceTree = "<group>"; };
		D6D571B0179335FF00034AF3 /* OCRCoreDataController.m */ = {isa = PBXFileReference; lastKnownFileType = sourcecode.c.objc; name = OCRCoreDataController.m; path = Classes/DataModel/OCRCoreDataController.m; sourceTree = "<group>"; };
		D6D571B31793395F00034AF3 /* OCRGlobalConstants.m */ = {isa = PBXFileReference; fileEncoding = 4; lastKnownFileType = sourcecode.c.objc; path = OCRGlobalConstants.m; sourceTree = "<group>"; };
		D6D571FD1793991400034AF3 /* Resumes.h */ = {isa = PBXFileReference; lastKnownFileType = sourcecode.c.h; name = Resumes.h; path = Classes/DataModel/Resumes.h; sourceTree = "<group>"; };
		D6D571FE1793991400034AF3 /* Resumes.m */ = {isa = PBXFileReference; lastKnownFileType = sourcecode.c.objc; name = Resumes.m; path = Classes/DataModel/Resumes.m; sourceTree = "<group>"; };
		D6D571FF1793991500034AF3 /* Jobs.h */ = {isa = PBXFileReference; lastKnownFileType = sourcecode.c.h; name = Jobs.h; path = Classes/DataModel/Jobs.h; sourceTree = "<group>"; };
		D6D572001793991500034AF3 /* Jobs.m */ = {isa = PBXFileReference; lastKnownFileType = sourcecode.c.objc; name = Jobs.m; path = Classes/DataModel/Jobs.m; sourceTree = "<group>"; };
		D6D572011793991500034AF3 /* Education.h */ = {isa = PBXFileReference; lastKnownFileType = sourcecode.c.h; name = Education.h; path = Classes/DataModel/Education.h; sourceTree = "<group>"; };
		D6D572021793991500034AF3 /* Education.m */ = {isa = PBXFileReference; lastKnownFileType = sourcecode.c.objc; name = Education.m; path = Classes/DataModel/Education.m; sourceTree = "<group>"; };
		D6D572031793991500034AF3 /* Packages.h */ = {isa = PBXFileReference; lastKnownFileType = sourcecode.c.h; name = Packages.h; path = Classes/DataModel/Packages.h; sourceTree = "<group>"; };
		D6D572041793991500034AF3 /* Packages.m */ = {isa = PBXFileReference; lastKnownFileType = sourcecode.c.objc; name = Packages.m; path = Classes/DataModel/Packages.m; sourceTree = "<group>"; };
		D6D572051793991500034AF3 /* Accomplishments.h */ = {isa = PBXFileReference; lastKnownFileType = sourcecode.c.h; name = Accomplishments.h; path = Classes/DataModel/Accomplishments.h; sourceTree = "<group>"; };
		D6D572061793991500034AF3 /* Accomplishments.m */ = {isa = PBXFileReference; lastKnownFileType = sourcecode.c.objc; name = Accomplishments.m; path = Classes/DataModel/Accomplishments.m; sourceTree = "<group>"; };
		D6D572071793A78600034AF3 /* _Accomplishments.h */ = {isa = PBXFileReference; fileEncoding = 4; lastKnownFileType = sourcecode.c.h; name = _Accomplishments.h; path = Classes/DataModel/_Accomplishments.h; sourceTree = "<group>"; };
		D6D572081793A78600034AF3 /* _Accomplishments.m */ = {isa = PBXFileReference; fileEncoding = 4; lastKnownFileType = sourcecode.c.objc; name = _Accomplishments.m; path = Classes/DataModel/_Accomplishments.m; sourceTree = "<group>"; };
		D6D572091793A78600034AF3 /* _Education.h */ = {isa = PBXFileReference; fileEncoding = 4; lastKnownFileType = sourcecode.c.h; name = _Education.h; path = Classes/DataModel/_Education.h; sourceTree = "<group>"; };
		D6D5720A1793A78600034AF3 /* _Education.m */ = {isa = PBXFileReference; fileEncoding = 4; lastKnownFileType = sourcecode.c.objc; name = _Education.m; path = Classes/DataModel/_Education.m; sourceTree = "<group>"; };
		D6D5720B1793A78600034AF3 /* _Jobs.h */ = {isa = PBXFileReference; fileEncoding = 4; lastKnownFileType = sourcecode.c.h; name = _Jobs.h; path = Classes/DataModel/_Jobs.h; sourceTree = "<group>"; };
		D6D5720C1793A78600034AF3 /* _Jobs.m */ = {isa = PBXFileReference; fileEncoding = 4; lastKnownFileType = sourcecode.c.objc; name = _Jobs.m; path = Classes/DataModel/_Jobs.m; sourceTree = "<group>"; };
		D6D5720D1793A78600034AF3 /* _Packages.h */ = {isa = PBXFileReference; fileEncoding = 4; lastKnownFileType = sourcecode.c.h; name = _Packages.h; path = Classes/DataModel/_Packages.h; sourceTree = "<group>"; };
		D6D5720E1793A78600034AF3 /* _Packages.m */ = {isa = PBXFileReference; fileEncoding = 4; lastKnownFileType = sourcecode.c.objc; name = _Packages.m; path = Classes/DataModel/_Packages.m; sourceTree = "<group>"; };
		D6D5720F1793A78600034AF3 /* _Resumes.h */ = {isa = PBXFileReference; fileEncoding = 4; lastKnownFileType = sourcecode.c.h; name = _Resumes.h; path = Classes/DataModel/_Resumes.h; sourceTree = "<group>"; };
		D6D572101793A78600034AF3 /* _Resumes.m */ = {isa = PBXFileReference; fileEncoding = 4; lastKnownFileType = sourcecode.c.objc; name = _Resumes.m; path = Classes/DataModel/_Resumes.m; sourceTree = "<group>"; };
		D6D8AE0419B5617D003B1B61 /* Crashlytics.framework */ = {isa = PBXFileReference; lastKnownFileType = wrapper.framework; path = Crashlytics.framework; sourceTree = "<group>"; };
		D6DD3EAA19AC344C00A50E9E /* koresume.entitlements */ = {isa = PBXFileReference; lastKnownFileType = text.xml; path = koresume.entitlements; sourceTree = "<group>"; };
		HYXIFWTDXJPPRRMDCEPMDTJH /* QuartzCore.framework */ = {isa = PBXFileReference; lastKnownFileType = wrapper.framework; name = QuartzCore.framework; path = System/Library/Frameworks/QuartzCore.framework; sourceTree = SDKROOT; };
		THBDITSPYVFDWQYYBDCIDIXG /* libz.dylib */ = {isa = PBXFileReference; lastKnownFileType = "compiled.mach-o.dylib"; name = libz.dylib; path = usr/lib/libz.dylib; sourceTree = SDKROOT; };
/* End PBXFileReference section */

/* Begin PBXFrameworksBuildPhase section */
		D63D82B6179311350065F0A9 /* Frameworks */ = {
			isa = PBXFrameworksBuildPhase;
			buildActionMask = 2147483647;
			files = (
				D6C3FC43199F0F71000457F4 /* SystemConfiguration.framework in Frameworks */,
				D63D82BF179311350065F0A9 /* CoreGraphics.framework in Frameworks */,
				D63D82C3179311350065F0A9 /* CoreData.framework in Frameworks */,
				D63D82C1179311350065F0A9 /* UIKit.framework in Frameworks */,
				D63D82BD179311350065F0A9 /* Foundation.framework in Frameworks */,
				KIYDQKWBMRKIEYEVRWSLKUDQ /* QuartzCore.framework in Frameworks */,
				KNPONLATPTEBRUFEBXNXFHCQ /* libz.dylib in Frameworks */,
				D6D8AE0519B5617E003B1B61 /* Crashlytics.framework in Frameworks */,
			);
			runOnlyForDeploymentPostprocessing = 0;
		};
		D63D82E2179311350065F0A9 /* Frameworks */ = {
			isa = PBXFrameworksBuildPhase;
			buildActionMask = 2147483647;
			files = (
				D63D82E7179311350065F0A9 /* XCTest.framework in Frameworks */,
				D6D8AE0619B5617E003B1B61 /* Crashlytics.framework in Frameworks */,
				D63D82EA179311350065F0A9 /* CoreData.framework in Frameworks */,
				D63D82E9179311350065F0A9 /* UIKit.framework in Frameworks */,
				D63D82E8179311350065F0A9 /* Foundation.framework in Frameworks */,
			);
			runOnlyForDeploymentPostprocessing = 0;
		};
/* End PBXFrameworksBuildPhase section */

/* Begin PBXGroup section */
		D61163CA19948161001A24B4 /* Resume */ = {
			isa = PBXGroup;
			children = (
				D6C1DCBE19C5F6DD00D38336 /* OCRAccomplishmentTableViewCell.h */,
				D6C1DCBF19C5F6DD00D38336 /* OCRAccomplishmentTableViewCell.m */,
				D6CB27CB194D419C009E8D50 /* OCREducationTableViewCell.h */,
				D6CB27CC194D419C009E8D50 /* OCREducationTableViewCell.m */,
				D6C8D2DD18F1D3E200E76376 /* OCRResumeJobsDetailViewController.h */,
				D6C8D2DE18F1D3E200E76376 /* OCRResumeJobsDetailViewController.m */,
				D61163CB199481D2001A24B4 /* OCRResumeJobsTableViewController.h */,
				D61163CC199481D2001A24B4 /* OCRResumeJobsTableViewController.m */,
				D66D87CE1991D55900644D39 /* OCRResumeOverviewViewController.h */,
				D66D87CF1991D55900644D39 /* OCRResumeOverviewViewController.m */,
				D67C0F14199707F20053C04C /* OCRResumeEducationViewController.h */,
				D67C0F15199707F20053C04C /* OCRResumeEducationViewController.m */,
			);
			name = Resume;
			sourceTree = "<group>";
		};
		D63D82B0179311350065F0A9 = {
			isa = PBXGroup;
			children = (
				D6C6F14D18AFD58B003A8C92 /* README.md */,
				D63D82C4179311350065F0A9 /* KOResume */,
				D63D82ED179311350065F0A9 /* KOResumeTests */,
				D63D82BB179311350065F0A9 /* Frameworks */,
				D63D82BA179311350065F0A9 /* Products */,
			);
			sourceTree = "<group>";
		};
		D63D82BA179311350065F0A9 /* Products */ = {
			isa = PBXGroup;
			children = (
				D63D82B9179311350065F0A9 /* koresume.app */,
				D63D82E5179311350065F0A9 /* KOResumeTests.xctest */,
			);
			name = Products;
			sourceTree = "<group>";
		};
		D63D82BB179311350065F0A9 /* Frameworks */ = {
			isa = PBXGroup;
			children = (
				D6D8AE0419B5617D003B1B61 /* Crashlytics.framework */,
				D6C3FC42199F0F71000457F4 /* SystemConfiguration.framework */,
				D63D82BC179311350065F0A9 /* Foundation.framework */,
				D63D82BE179311350065F0A9 /* CoreGraphics.framework */,
				D63D82C0179311350065F0A9 /* UIKit.framework */,
				D63D82C2179311350065F0A9 /* CoreData.framework */,
				D63D82E6179311350065F0A9 /* XCTest.framework */,
				HYXIFWTDXJPPRRMDCEPMDTJH /* QuartzCore.framework */,
				THBDITSPYVFDWQYYBDCIDIXG /* libz.dylib */,
			);
			name = Frameworks;
			sourceTree = "<group>";
		};
		D63D82C4179311350065F0A9 /* KOResume */ = {
			isa = PBXGroup;
			children = (
				D6DD3EAA19AC344C00A50E9E /* koresume.entitlements */,
				D6D571C01793585000034AF3 /* Classes */,
				D63D82DF179311350065F0A9 /* Images.xcassets */,
				D6C7AA5C1870BEB500C72A52 /* SubProjects */,
				D63D82C5179311350065F0A9 /* Supporting Files */,
				D6B016B31793C12B00B86B8D /* Resources */,
			);
			path = KOResume;
			sourceTree = "<group>";
		};
		D63D82C5179311350065F0A9 /* Supporting Files */ = {
			isa = PBXGroup;
			children = (
				D6BE16D119A98AA200147081 /* OCRPrivateKeys.h */,
				D6BE16D019A97BBF00147081 /* OCRGlobalConstants.h */,
				D6D571B31793395F00034AF3 /* OCRGlobalConstants.m */,
				D6ABF9AA187A0DD700AECF28 /* OCRGlobalMacros.h */,
				D63D82C6179311350065F0A9 /* KOResume-Info.plist */,
				D63D82C7179311350065F0A9 /* InfoPlist.strings */,
				D63D82CA179311350065F0A9 /* main.m */,
				D63D82CC179311350065F0A9 /* KOResume-Prefix.pch */,
				D6BC469219BA2A3700B9C33F /* UITextField+KOResume.h */,
				D6BC469319BA2A3700B9C33F /* UITextField+KOResume.m */,
				D6BC469519BA2D5D00B9C33F /* NSString+KOResume.h */,
				D6BC469619BA2D5D00B9C33F /* NSString+KOResume.m */,
			);
			name = "Supporting Files";
			sourceTree = "<group>";
		};
		D63D82ED179311350065F0A9 /* KOResumeTests */ = {
			isa = PBXGroup;
			children = (
				D63D82F3179311350065F0A9 /* KOResumeTests.m */,
				D63D82EE179311350065F0A9 /* Supporting Files */,
			);
			path = KOResumeTests;
			sourceTree = "<group>";
		};
		D63D82EE179311350065F0A9 /* Supporting Files */ = {
			isa = PBXGroup;
			children = (
				D63D82EF179311350065F0A9 /* KOResumeTests-Info.plist */,
				D63D82F0179311350065F0A9 /* InfoPlist.strings */,
			);
			name = "Supporting Files";
			sourceTree = "<group>";
		};
		D6B016B31793C12B00B86B8D /* Resources */ = {
			isa = PBXGroup;
			children = (
				D6C3161219D89FFC006B8297 /* KOResume.sqlite */,
				D63D82D3179311350065F0A9 /* Main_iPad.storyboard */,
			);
			name = Resources;
			sourceTree = "<group>";
		};
		D6B4734118F7B00F004E9D84 /* SVWebViewController */ = {
			isa = PBXGroup;
			children = (
				D6B4734218F7B00F004E9D84 /* SVWebViewController.strings */,
				D6B4734818F7B00F004E9D84 /* SVModalWebViewController.h */,
				D6B4734918F7B00F004E9D84 /* SVModalWebViewController.m */,
				D6B4734A18F7B00F004E9D84 /* SVWebViewController.bundle */,
				D6B4734B18F7B00F004E9D84 /* SVWebViewController.h */,
				D6B4734C18F7B00F004E9D84 /* SVWebViewController.m */,
			);
			path = SVWebViewController;
			sourceTree = "<group>";
		};
		D6C7AA5C1870BEB500C72A52 /* SubProjects */ = {
			isa = PBXGroup;
			children = (
				D6B4734118F7B00F004E9D84 /* SVWebViewController */,
			);
			name = SubProjects;
			sourceTree = "<group>";
		};
		D6D571C01793585000034AF3 /* Classes */ = {
			isa = PBXGroup;
			children = (
				D6D571C11793585E00034AF3 /* DataModel */,
				D61163CA19948161001A24B4 /* Resume */,
				D63D82CD179311350065F0A9 /* OCRAppDelegate.h */,
				D63D82CE179311350065F0A9 /* OCRAppDelegate.m */,
				D61163C719947FEF001A24B4 /* OCRBaseDetailTableViewController.h */,
				D61163C819947FEF001A24B4 /* OCRBaseDetailTableViewController.m */,
				D63D82DC179311350065F0A9 /* OCRBaseDetailViewController.h */,
				D63D82DD179311350065F0A9 /* OCRBaseDetailViewController.m */,
				D6CB27D3194E4079009E8D50 /* OCRCellTextFieldDelegateProtocol.h */,
				D6BA20EC17B881E90068F4D9 /* OCRCoverLtrViewController.h */,
				D6BA20ED17B881E90068F4D9 /* OCRCoverLtrViewController.m */,
				D67D6E6619C1470700F97694 /* OCRDatePickerViewController.h */,
				D67D6E6719C1470700F97694 /* OCRDatePickerViewController.m */,
				D61163C219947D5F001A24B4 /* OCRDetailViewProtocol.h */,
				D65D47D119D1014500D9FD8D /* OCRNoSelectionViewController.h */,
				D65D47D219D1014500D9FD8D /* OCRNoSelectionViewController.m */,
				D6AC3D3C179A3F21001D8D75 /* OCRPackagesCell.h */,
				D6AC3D3D179A3F21001D8D75 /* OCRPackagesCell.m */,
				D6BE16D619AAF05100147081 /* OCRPackagesTableViewController.h */,
				D6BE16D719AAF05100147081 /* OCRPackagesTableViewController.m */,
				D6B256BB18C00554006A0343 /* OCRTableViewHeaderCell.h */,
				D6B256BC18C00554006A0343 /* OCRTableViewHeaderCell.m */,
			);
			name = Classes;
			sourceTree = "<group>";
		};
		D6D571C11793585E00034AF3 /* DataModel */ = {
			isa = PBXGroup;
			children = (
				D6D572071793A78600034AF3 /* _Accomplishments.h */,
				D6D572081793A78600034AF3 /* _Accomplishments.m */,
				D6D572091793A78600034AF3 /* _Education.h */,
				D6D5720A1793A78600034AF3 /* _Education.m */,
				D6D5720B1793A78600034AF3 /* _Jobs.h */,
				D6D5720C1793A78600034AF3 /* _Jobs.m */,
				D6D5720D1793A78600034AF3 /* _Packages.h */,
				D6D5720E1793A78600034AF3 /* _Packages.m */,
				D6D5720F1793A78600034AF3 /* _Resumes.h */,
				D6D572101793A78600034AF3 /* _Resumes.m */,
				D6D572051793991500034AF3 /* Accomplishments.h */,
				D6D572061793991500034AF3 /* Accomplishments.m */,
				D6D572031793991500034AF3 /* Packages.h */,
				D6D572041793991500034AF3 /* Packages.m */,
				D6D572011793991500034AF3 /* Education.h */,
				D6D572021793991500034AF3 /* Education.m */,
				D6D571FF1793991500034AF3 /* Jobs.h */,
				D6D572001793991500034AF3 /* Jobs.m */,
				D6C6F15718B27AD3003A8C92 /* KOResume.xcdatamodeld */,
				D6D571AF179335FF00034AF3 /* OCRCoreDataController.h */,
				D6D571B0179335FF00034AF3 /* OCRCoreDataController.m */,
				D6D571FD1793991400034AF3 /* Resumes.h */,
				D6D571FE1793991400034AF3 /* Resumes.m */,
			);
			name = DataModel;
			sourceTree = "<group>";
		};
/* End PBXGroup section */

/* Begin PBXNativeTarget section */
		D63D82B8179311350065F0A9 /* KOResume */ = {
			isa = PBXNativeTarget;
			buildConfigurationList = D63D82F7179311350065F0A9 /* Build configuration list for PBXNativeTarget "KOResume" */;
			buildPhases = (
				D63D82B5179311350065F0A9 /* Sources */,
				D63D82B6179311350065F0A9 /* Frameworks */,
				D63D82B7179311350065F0A9 /* Resources */,
				D628FF9719A1AAB400238F1E /* ShellScript */,
			);
			buildRules = (
			);
			dependencies = (
			);
			name = KOResume;
			productName = KOResume;
			productReference = D63D82B9179311350065F0A9 /* koresume.app */;
			productType = "com.apple.product-type.application";
		};
		D63D82E4179311350065F0A9 /* KOResumeTests */ = {
			isa = PBXNativeTarget;
			buildConfigurationList = D63D82FA179311350065F0A9 /* Build configuration list for PBXNativeTarget "KOResumeTests" */;
			buildPhases = (
				D63D82E1179311350065F0A9 /* Sources */,
				D63D82E2179311350065F0A9 /* Frameworks */,
				D63D82E3179311350065F0A9 /* Resources */,
			);
			buildRules = (
			);
			dependencies = (
				D63D82EC179311350065F0A9 /* PBXTargetDependency */,
			);
			name = KOResumeTests;
			productName = KOResumeTests;
			productReference = D63D82E5179311350065F0A9 /* KOResumeTests.xctest */;
			productType = "com.apple.product-type.bundle.unit-test";
		};
/* End PBXNativeTarget section */

/* Begin PBXProject section */
		D63D82B1179311350065F0A9 /* Project object */ = {
			isa = PBXProject;
			attributes = {
				CLASSPREFIX = OCR;
				LastUpgradeCheck = 0600;
				ORGANIZATIONNAME = "O'Mara Consulting Associates";
				TargetAttributes = {
					D63D82B8179311350065F0A9 = {
						DevelopmentTeam = CVC369LW49;
						SystemCapabilities = {
							com.apple.iCloud = {
								enabled = 0;
							};
						};
					};
					D63D82E4179311350065F0A9 = {
						TestTargetID = D63D82B8179311350065F0A9;
					};
				};
			};
			buildConfigurationList = D63D82B4179311350065F0A9 /* Build configuration list for PBXProject "KOResume" */;
			compatibilityVersion = "Xcode 3.2";
			developmentRegion = English;
			hasScannedForEncodings = 0;
			knownRegions = (
				en,
				Base,
				fr,
				"fr-CA",
				"fr-FR",
				da,
				"es-ES",
				es,
				"zh-Hans",
				"zh-Hant",
			);
			mainGroup = D63D82B0179311350065F0A9;
			productRefGroup = D63D82BA179311350065F0A9 /* Products */;
			projectDirPath = "";
			projectRoot = "";
			targets = (
				D63D82B8179311350065F0A9 /* KOResume */,
				D63D82E4179311350065F0A9 /* KOResumeTests */,
				D6D571F817937C9100034AF3 /* Mogenerator */,
				D6988A2C18839DB600DEC402 /* GenDocumentation */,
			);
		};
/* End PBXProject section */

/* Begin PBXResourcesBuildPhase section */
		D63D82B7179311350065F0A9 /* Resources */ = {
			isa = PBXResourcesBuildPhase;
			buildActionMask = 2147483647;
			files = (
				D63D82D5179311350065F0A9 /* Main_iPad.storyboard in Resources */,
				D6B4734F18F7B00F004E9D84 /* SVWebViewController.strings in Resources */,
				D6C3161319D89FFC006B8297 /* KOResume.sqlite in Resources */,
				D6B4735318F7B00F004E9D84 /* SVWebViewController.bundle in Resources */,
				D63D82E0179311350065F0A9 /* Images.xcassets in Resources */,
				D6C6F14E18AFD58B003A8C92 /* README.md in Resources */,
				D63D82C9179311350065F0A9 /* InfoPlist.strings in Resources */,
			);
			runOnlyForDeploymentPostprocessing = 0;
		};
		D63D82E3179311350065F0A9 /* Resources */ = {
			isa = PBXResourcesBuildPhase;
			buildActionMask = 2147483647;
			files = (
				D6B4735418F7B00F004E9D84 /* SVWebViewController.bundle in Resources */,
				D63D82F2179311350065F0A9 /* InfoPlist.strings in Resources */,
				D6C3161419D89FFC006B8297 /* KOResume.sqlite in Resources */,
				D6B4735018F7B00F004E9D84 /* SVWebViewController.strings in Resources */,
			);
			runOnlyForDeploymentPostprocessing = 0;
		};
/* End PBXResourcesBuildPhase section */

/* Begin PBXShellScriptBuildPhase section */
		D628FF9719A1AAB400238F1E /* ShellScript */ = {
			isa = PBXShellScriptBuildPhase;
			buildActionMask = 2147483647;
			files = (
			);
			inputPaths = (
			);
			outputPaths = (
			);
			runOnlyForDeploymentPostprocessing = 0;
			shellPath = /bin/sh;
			shellScript = "./Crashlytics.framework/run 968d85136f3c0349a40d5a6e4c9d57de317e3977 0d4e5cbbe98e72aba54e7b7197be428783b55f8015bd4176b9eaa489946a4037";
		};
		D6988A3418839DC200DEC402 /* ShellScript */ = {
			isa = PBXShellScriptBuildPhase;
			buildActionMask = 2147483647;
			files = (
			);
			inputPaths = (
			);
			outputPaths = (
			);
			runOnlyForDeploymentPostprocessing = 0;
			shellPath = /bin/sh;
			shellScript = "#appledoc Xcode script\n# Start constants\ncompany=\"OMaraConsultingAssociates\";\ncompanyID=\"com.omaraconsultingassoc\";\ncompanyURL=\"http://omaraconsultingassoc.com\";\ntarget=\"iphoneos\";\n#target=\"macosx\";\noutputPath=\"/tmp/appledoc\";\n# End constants\n/usr/local/bin/appledoc \\\n--project-name \"${PROJECT_NAME}\" \\\n--project-company \"${company}\" \\\n--company-id \"${companyID}\" \\\n--docset-atom-filename \"${company}.atom\" \\\n--docset-feed-url \"${companyURL}/${company}/%DOCSETATOMFILENAME\" \\\n--docset-package-url \"${companyURL}/${company}/%DOCSETPACKAGEFILENAME\" \\\n--docset-fallback-url \"${companyURL}/${company}\" \\\n--output \"${outputPath}\" \\\n--publish-docset \\\n--docset-platform-family \"${target}\" \\\n--logformat xcode \\\n--keep-intermediate-files \\\n--no-repeat-first-par \\\n--no-warn-invalid-crossref \\\n--exit-threshold 2 \\\n--index-desc \"${PROJECT_DIR}/README.md\" \\\n\"${PROJECT_DIR}\"\necho \"Build successful, copying to project folder \"\necho ${PROJECT_DIR}/Documentation\nrsync -rv ${outputPath}/html ${PROJECT_DIR}/Documentation\n";
		};
		D6D571FC17937CA300034AF3 /* ShellScript */ = {
			isa = PBXShellScriptBuildPhase;
			buildActionMask = 2147483647;
			files = (
			);
			inputPaths = (
			);
			outputPaths = (
			);
			runOnlyForDeploymentPostprocessing = 0;
			shellPath = /bin/sh;
			shellScript = "cd KOResume\nmogenerator --template-var arc=true -m Classes/DataModel/KOResume.xcdatamodeld/KOResume.xcdatamodel  -O Classes/DataModel";
		};
/* End PBXShellScriptBuildPhase section */

/* Begin PBXSourcesBuildPhase section */
		D63D82B5179311350065F0A9 /* Sources */ = {
			isa = PBXSourcesBuildPhase;
			buildActionMask = 2147483647;
			files = (
				D6D571B71793395F00034AF3 /* OCRGlobalConstants.m in Sources */,
				D63D82CB179311350065F0A9 /* main.m in Sources */,
				D6BC469719BA2D5D00B9C33F /* NSString+KOResume.m in Sources */,
				D6BC469419BA2A3700B9C33F /* UITextField+KOResume.m in Sources */,
				D6B4864817964875009E6A14 /* Education.m in Sources */,
				D61163C919947FEF001A24B4 /* OCRBaseDetailTableViewController.m in Sources */,
				D6B4864A1796487B009E6A14 /* Jobs.m in Sources */,
				D6CB27CD194D419C009E8D50 /* OCREducationTableViewCell.m in Sources */,
				D6D572131793A78600034AF3 /* _Education.m in Sources */,
				D6B486461796486A009E6A14 /* Accomplishments.m in Sources */,
				D6BE16D819AAF05100147081 /* OCRPackagesTableViewController.m in Sources */,
				D6D572151793A78600034AF3 /* _Jobs.m in Sources */,
				D6D572171793A78600034AF3 /* _Packages.m in Sources */,
				D6B4864C17964881009E6A14 /* Resumes.m in Sources */,
				D6C1DCC019C5F6DD00D38336 /* OCRAccomplishmentTableViewCell.m in Sources */,
				D6D572111793A78600034AF3 /* _Accomplishments.m in Sources */,
				D6BA20EE17B881E90068F4D9 /* OCRCoverLtrViewController.m in Sources */,
				D63D82CF179311350065F0A9 /* OCRAppDelegate.m in Sources */,
				D6D571B11793366000034AF3 /* OCRCoreDataController.m in Sources */,
				D6B256BD18C00554006A0343 /* OCRTableViewHeaderCell.m in Sources */,
				D63D82DE179311350065F0A9 /* OCRBaseDetailViewController.m in Sources */,
				D6C6F15918B27AD3003A8C92 /* KOResume.xcdatamodeld in Sources */,
				D6AC3D3E179A3F21001D8D75 /* OCRPackagesCell.m in Sources */,
				D66D87D01991D55900644D39 /* OCRResumeOverviewViewController.m in Sources */,
				D67C0F16199707F20053C04C /* OCRResumeEducationViewController.m in Sources */,
				D61163CD199481D2001A24B4 /* OCRResumeJobsTableViewController.m in Sources */,
				D67D6E6819C1470700F97694 /* OCRDatePickerViewController.m in Sources */,
				D6B4735118F7B00F004E9D84 /* SVModalWebViewController.m in Sources */,
				D65D47D319D1014500D9FD8D /* OCRNoSelectionViewController.m in Sources */,
				D6C8D2DF18F1D3E200E76376 /* OCRResumeJobsDetailViewController.m in Sources */,
				D6D572191793A78600034AF3 /* _Resumes.m in Sources */,
				D6B4735518F7B00F004E9D84 /* SVWebViewController.m in Sources */,
				D6B4864417964863009E6A14 /* Packages.m in Sources */,
			);
			runOnlyForDeploymentPostprocessing = 0;
		};
		D63D82E1179311350065F0A9 /* Sources */ = {
			isa = PBXSourcesBuildPhase;
			buildActionMask = 2147483647;
			files = (
				D6B408121798E9F600C567FF /* OCRBaseDetailViewController.m in Sources */,
				D6B4864B1796487C009E6A14 /* Jobs.m in Sources */,
				D6C8D2E018F1D3E200E76376 /* OCRResumeJobsDetailViewController.m in Sources */,
				D6D571B81793395F00034AF3 /* OCRGlobalConstants.m in Sources */,
				D67D6E6919C1470700F97694 /* OCRDatePickerViewController.m in Sources */,
				D6D572121793A78600034AF3 /* _Accomplishments.m in Sources */,
				D6B408131798EA5100C567FF /* OCRCoreDataController.m in Sources */,
				D6BC469819BA2D5D00B9C33F /* NSString+KOResume.m in Sources */,
				D6BA20EF17B881E90068F4D9 /* OCRCoverLtrViewController.m in Sources */,
				D6D572161793A78600034AF3 /* _Jobs.m in Sources */,
				D6B408141798EA5B00C567FF /* main.m in Sources */,
				D6B4864517964864009E6A14 /* Packages.m in Sources */,
				D6BC469919BA2D6C00B9C33F /* UITextField+KOResume.m in Sources */,
				D6D5721A1793A78600034AF3 /* _Resumes.m in Sources */,
				D6D572181793A78600034AF3 /* _Packages.m in Sources */,
				D6D572141793A78600034AF3 /* _Education.m in Sources */,
				D6C1DCC119C5F6DD00D38336 /* OCRAccomplishmentTableViewCell.m in Sources */,
				D6BE16D919AAF05100147081 /* OCRPackagesTableViewController.m in Sources */,
				D6B408111798E9ED00C567FF /* OCRAppDelegate.m in Sources */,
				D6B4735218F7B00F004E9D84 /* SVModalWebViewController.m in Sources */,
				D6AC3D3F179A3F21001D8D75 /* OCRPackagesCell.m in Sources */,
				D66D87D11991D55900644D39 /* OCRResumeOverviewViewController.m in Sources */,
				D6CB27CE194D419C009E8D50 /* OCREducationTableViewCell.m in Sources */,
				D6B256BE18C00554006A0343 /* OCRTableViewHeaderCell.m in Sources */,
				D6B486471796486B009E6A14 /* Accomplishments.m in Sources */,
				D6B4864917964876009E6A14 /* Education.m in Sources */,
				D6B4735618F7B00F004E9D84 /* SVWebViewController.m in Sources */,
				D6C6F15A18B27AD3003A8C92 /* KOResume.xcdatamodeld in Sources */,
				D6B4864D17964882009E6A14 /* Resumes.m in Sources */,
				D63D82F4179311350065F0A9 /* KOResumeTests.m in Sources */,
				D65D47D419D1014500D9FD8D /* OCRNoSelectionViewController.m in Sources */,
			);
			runOnlyForDeploymentPostprocessing = 0;
		};
/* End PBXSourcesBuildPhase section */

/* Begin PBXTargetDependency section */
		D63D82EC179311350065F0A9 /* PBXTargetDependency */ = {
			isa = PBXTargetDependency;
			target = D63D82B8179311350065F0A9 /* KOResume */;
			targetProxy = D63D82EB179311350065F0A9 /* PBXContainerItemProxy */;
		};
/* End PBXTargetDependency section */

/* Begin PBXVariantGroup section */
		D63D82C7179311350065F0A9 /* InfoPlist.strings */ = {
			isa = PBXVariantGroup;
			children = (
				04F0CFBD17FF4F5800930FC9 /* fr */,
				04F0CFC117FF4F8100930FC9 /* fr-CA */,
				04F0CFC517FF4F9800930FC9 /* fr-FR */,
			);
			name = InfoPlist.strings;
			sourceTree = "<group>";
		};
		D63D82D3179311350065F0A9 /* Main_iPad.storyboard */ = {
			isa = PBXVariantGroup;
			children = (
				D63D82D4179311350065F0A9 /* Base */,
				04F0CFBC17FF4F5800930FC9 /* fr */,
				04F0CFC017FF4F8100930FC9 /* fr-CA */,
				04F0CFC417FF4F9800930FC9 /* fr-FR */,
			);
			name = Main_iPad.storyboard;
			sourceTree = "<group>";
		};
		D63D82F0179311350065F0A9 /* InfoPlist.strings */ = {
			isa = PBXVariantGroup;
			children = (
				04F0CFBE17FF4F5800930FC9 /* fr */,
				04F0CFC217FF4F8100930FC9 /* fr-CA */,
				04F0CFC617FF4F9800930FC9 /* fr-FR */,
			);
			name = InfoPlist.strings;
			sourceTree = "<group>";
		};
		D6B4734218F7B00F004E9D84 /* SVWebViewController.strings */ = {
			isa = PBXVariantGroup;
			children = (
				D6B4734318F7B00F004E9D84 /* da */,
				D6B4734418F7B00F004E9D84 /* en */,
				D6B4734518F7B00F004E9D84 /* es-ES */,
				D6B4734618F7B00F004E9D84 /* es */,
				D6B4734718F7B00F004E9D84 /* fr */,
				D6B4734D18F7B00F004E9D84 /* zh-Hans */,
				D6B4734E18F7B00F004E9D84 /* zh-Hant */,
			);
			name = SVWebViewController.strings;
			sourceTree = "<group>";
		};
/* End PBXVariantGroup section */

/* Begin XCBuildConfiguration section */
		D63D82F5179311350065F0A9 /* Debug */ = {
			isa = XCBuildConfiguration;
			buildSettings = {
				ALWAYS_SEARCH_USER_PATHS = YES;
				CLANG_CXX_LANGUAGE_STANDARD = "gnu++0x";
				CLANG_CXX_LIBRARY = "libc++";
				CLANG_ENABLE_MODULES = YES;
				CLANG_ENABLE_OBJC_ARC = YES;
				CLANG_WARN_BOOL_CONVERSION = YES;
				CLANG_WARN_CONSTANT_CONVERSION = YES;
				CLANG_WARN_DIRECT_OBJC_ISA_USAGE = YES_ERROR;
				CLANG_WARN_EMPTY_BODY = YES;
				CLANG_WARN_ENUM_CONVERSION = YES;
				CLANG_WARN_INT_CONVERSION = YES;
				CLANG_WARN_OBJC_ROOT_CLASS = YES_ERROR;
				CLANG_WARN__DUPLICATE_METHOD_MATCH = YES;
				CODE_SIGN_IDENTITY = "iPhone Developer";
				"CODE_SIGN_IDENTITY[sdk=iphoneos*]" = "iPhone Developer";
				COPY_PHASE_STRIP = YES;
				FRAMEWORK_SEARCH_PATHS = "";
				GCC_C_LANGUAGE_STANDARD = gnu99;
				GCC_DYNAMIC_NO_PIC = NO;
				GCC_OPTIMIZATION_LEVEL = 0;
				GCC_PREPROCESSOR_DEFINITIONS = (
					"DEBUG=1",
					"$(inherited)",
				);
				GCC_SYMBOLS_PRIVATE_EXTERN = NO;
				GCC_WARN_ABOUT_RETURN_TYPE = YES_ERROR;
				GCC_WARN_UNDECLARED_SELECTOR = YES;
				GCC_WARN_UNINITIALIZED_AUTOS = YES;
				GCC_WARN_UNUSED_FUNCTION = YES;
				GCC_WARN_UNUSED_VARIABLE = YES;
				HEADER_SEARCH_PATHS = (
					"“$(BUILT_PRODUCTS_DIR)”",
					"$(inherited)",
					/Applications/Xcode.app/Contents/Developer/Toolchains/XcodeDefault.xctoolchain/usr/include,
					"\"$(TARGET_BUILD_DIR)/usr/local/lib/include\"",
					"\"$(OBJROOT)/UninstalledProducts/include\"",
					"\"$(PROJECT_TEMP_DIR)/../UninstalledProducts/include\"",
					"$(SOURCE_ROOT)/include",
				);
				IPHONEOS_DEPLOYMENT_TARGET = 8.0;
				ONLY_ACTIVE_ARCH = YES;
				OTHER_LDFLAGS = "-ObjC";
				PRODUCT_NAME = koresume;
				PUBLIC_HEADERS_FOLDER_PATH = "";
				SDKROOT = iphoneos;
				TARGETED_DEVICE_FAMILY = "1,2";
				USER_HEADER_SEARCH_PATHS = "“$(BUILT_PRODUCTS_DIR)”/** $(PROJECT_TEMP_DIR)/../UninstalledProducts/Include/**";
				WARNING_CFLAGS = "";
			};
			name = Debug;
		};
		D63D82F6179311350065F0A9 /* Release */ = {
			isa = XCBuildConfiguration;
			buildSettings = {
				ALWAYS_SEARCH_USER_PATHS = YES;
				CLANG_CXX_LANGUAGE_STANDARD = "gnu++0x";
				CLANG_CXX_LIBRARY = "libc++";
				CLANG_ENABLE_MODULES = YES;
				CLANG_ENABLE_OBJC_ARC = YES;
				CLANG_WARN_BOOL_CONVERSION = YES;
				CLANG_WARN_CONSTANT_CONVERSION = YES;
				CLANG_WARN_DIRECT_OBJC_ISA_USAGE = YES_ERROR;
				CLANG_WARN_EMPTY_BODY = YES;
				CLANG_WARN_ENUM_CONVERSION = YES;
				CLANG_WARN_INT_CONVERSION = YES;
				CLANG_WARN_OBJC_ROOT_CLASS = YES_ERROR;
				CLANG_WARN__DUPLICATE_METHOD_MATCH = YES;
				CODE_SIGN_IDENTITY = "iPhone Developer";
				"CODE_SIGN_IDENTITY[sdk=iphoneos*]" = "iPhone Developer";
				COPY_PHASE_STRIP = YES;
				ENABLE_NS_ASSERTIONS = NO;
				GCC_C_LANGUAGE_STANDARD = gnu99;
				GCC_WARN_ABOUT_RETURN_TYPE = YES_ERROR;
				GCC_WARN_UNDECLARED_SELECTOR = YES;
				GCC_WARN_UNINITIALIZED_AUTOS = YES;
				GCC_WARN_UNUSED_FUNCTION = YES;
				GCC_WARN_UNUSED_VARIABLE = YES;
				HEADER_SEARCH_PATHS = (
					"“$(BUILT_PRODUCTS_DIR)”",
					"$(inherited)",
					/Applications/Xcode.app/Contents/Developer/Toolchains/XcodeDefault.xctoolchain/usr/include,
					"\"$(TARGET_BUILD_DIR)/usr/local/lib/include\"",
					"\"$(OBJROOT)/UninstalledProducts/include\"",
					"\"$(PROJECT_TEMP_DIR)/../UninstalledProducts/include\"",
					"$(SOURCE_ROOT)/include",
				);
				IPHONEOS_DEPLOYMENT_TARGET = 8.0;
				OTHER_LDFLAGS = "-ObjC";
				PRODUCT_NAME = koresume;
				PUBLIC_HEADERS_FOLDER_PATH = "";
				SDKROOT = iphoneos;
				TARGETED_DEVICE_FAMILY = "1,2";
				USER_HEADER_SEARCH_PATHS = "“$(BUILT_PRODUCTS_DIR)”/** $(PROJECT_TEMP_DIR)/../UninstalledProducts/Include/**";
				VALIDATE_PRODUCT = YES;
			};
			name = Release;
		};
		D63D82F8179311350065F0A9 /* Debug */ = {
			isa = XCBuildConfiguration;
			buildSettings = {
				ASSETCATALOG_COMPILER_APPICON_NAME = AppIcon;
				ASSETCATALOG_COMPILER_LAUNCHIMAGE_NAME = LaunchImage;
				CODE_SIGN_IDENTITY = "iPhone Developer";
				"CODE_SIGN_IDENTITY[sdk=iphoneos*]" = "iPhone Developer";
				FRAMEWORK_SEARCH_PATHS = "$(PROJECT_DIR)";
				GCC_PRECOMPILE_PREFIX_HEADER = YES;
				GCC_PREFIX_HEADER = "KOResume/KOResume-Prefix.pch";
				GENERATE_PKGINFO_FILE = NO;
				INFOPLIST_FILE = "KOResume/KOResume-Info.plist";
				LIBRARY_SEARCH_PATHS = "$(inherited)";
				OTHER_LDFLAGS = "-ObjC";
				PRODUCT_NAME = koresume;
				PROVISIONING_PROFILE = "";
				WRAPPER_EXTENSION = app;
			};
			name = Debug;
		};
		D63D82F9179311350065F0A9 /* Release */ = {
			isa = XCBuildConfiguration;
			buildSettings = {
				ASSETCATALOG_COMPILER_APPICON_NAME = AppIcon;
				ASSETCATALOG_COMPILER_LAUNCHIMAGE_NAME = LaunchImage;
				CODE_SIGN_IDENTITY = "iPhone Developer";
				"CODE_SIGN_IDENTITY[sdk=iphoneos*]" = "iPhone Developer";
				FRAMEWORK_SEARCH_PATHS = (
					"$(inherited)",
					"$(PROJECT_DIR)",
				);
				GCC_PRECOMPILE_PREFIX_HEADER = YES;
				GCC_PREFIX_HEADER = "KOResume/KOResume-Prefix.pch";
				GENERATE_PKGINFO_FILE = NO;
				INFOPLIST_FILE = "KOResume/KOResume-Info.plist";
				LIBRARY_SEARCH_PATHS = "$(inherited)";
				PRODUCT_NAME = koresume;
				PROVISIONING_PROFILE = "";
				WRAPPER_EXTENSION = app;
			};
			name = Release;
		};
		D63D82FB179311350065F0A9 /* Debug */ = {
			isa = XCBuildConfiguration;
			buildSettings = {
				BUNDLE_LOADER = "$(BUILT_PRODUCTS_DIR)/koresume.app/koresume";
				FRAMEWORK_SEARCH_PATHS = (
					"$(SDKROOT)/Developer/Library/Frameworks",
					"$(inherited)",
					"$(SYSTEM_APPS_DIR)/Xcode5-DP3.app/Contents/Developer/Library/Frameworks",
					"$(PROJECT_DIR)",
				);
				GCC_PRECOMPILE_PREFIX_HEADER = YES;
				GCC_PREFIX_HEADER = "KOResume/KOResume-Prefix.pch";
				GCC_PREPROCESSOR_DEFINITIONS = (
					"DEBUG=1",
					"$(inherited)",
				);
				INFOPLIST_FILE = "KOResumeTests/KOResumeTests-Info.plist";
				PRODUCT_NAME = KOResumeTests;
				TEST_HOST = "$(BUNDLE_LOADER)";
				WRAPPER_EXTENSION = xctest;
			};
			name = Debug;
		};
		D63D82FC179311350065F0A9 /* Release */ = {
			isa = XCBuildConfiguration;
			buildSettings = {
				BUNDLE_LOADER = "$(BUILT_PRODUCTS_DIR)/koresume.app/koresume";
				FRAMEWORK_SEARCH_PATHS = (
					"$(SDKROOT)/Developer/Library/Frameworks",
					"$(inherited)",
					"$(SYSTEM_APPS_DIR)/Xcode5-DP3.app/Contents/Developer/Library/Frameworks",
					"$(PROJECT_DIR)",
				);
				GCC_PRECOMPILE_PREFIX_HEADER = YES;
				GCC_PREFIX_HEADER = "KOResume/KOResume-Prefix.pch";
				INFOPLIST_FILE = "KOResumeTests/KOResumeTests-Info.plist";
				PRODUCT_NAME = KOResumeTests;
				TEST_HOST = "$(BUNDLE_LOADER)";
				WRAPPER_EXTENSION = xctest;
			};
			name = Release;
		};
		D6988A2D18839DB600DEC402 /* Debug */ = {
			isa = XCBuildConfiguration;
			buildSettings = {
				PRODUCT_NAME = "$(TARGET_NAME)";
			};
			name = Debug;
		};
		D6988A2E18839DB600DEC402 /* Release */ = {
			isa = XCBuildConfiguration;
			buildSettings = {
				PRODUCT_NAME = "$(TARGET_NAME)";
			};
			name = Release;
		};
		D6D571FA17937C9100034AF3 /* Debug */ = {
			isa = XCBuildConfiguration;
			buildSettings = {
				FRAMEWORK_SEARCH_PATHS = "\"/Applications/Spark Inspector.app/Contents/Resources/Frameworks\"";
				OTHER_LDFLAGS = (
					"-ObjC",
					"-framework",
					SparkInspector,
				);
				PRODUCT_NAME = "$(TARGET_NAME)";
			};
			name = Debug;
		};
		D6D571FB17937C9100034AF3 /* Release */ = {
			isa = XCBuildConfiguration;
			buildSettings = {
				PRODUCT_NAME = "$(TARGET_NAME)";
			};
			name = Release;
		};
/* End XCBuildConfiguration section */

/* Begin XCConfigurationList section */
		D63D82B4179311350065F0A9 /* Build configuration list for PBXProject "KOResume" */ = {
			isa = XCConfigurationList;
			buildConfigurations = (
				D63D82F5179311350065F0A9 /* Debug */,
				D63D82F6179311350065F0A9 /* Release */,
			);
			defaultConfigurationIsVisible = 0;
			defaultConfigurationName = Release;
		};
		D63D82F7179311350065F0A9 /* Build configuration list for PBXNativeTarget "KOResume" */ = {
			isa = XCConfigurationList;
			buildConfigurations = (
				D63D82F8179311350065F0A9 /* Debug */,
				D63D82F9179311350065F0A9 /* Release */,
			);
			defaultConfigurationIsVisible = 0;
			defaultConfigurationName = Release;
		};
		D63D82FA179311350065F0A9 /* Build configuration list for PBXNativeTarget "KOResumeTests" */ = {
			isa = XCConfigurationList;
			buildConfigurations = (
				D63D82FB179311350065F0A9 /* Debug */,
				D63D82FC179311350065F0A9 /* Release */,
			);
			defaultConfigurationIsVisible = 0;
			defaultConfigurationName = Release;
		};
		D6988A3318839DB600DEC402 /* Build configuration list for PBXAggregateTarget "GenDocumentation" */ = {
			isa = XCConfigurationList;
			buildConfigurations = (
				D6988A2D18839DB600DEC402 /* Debug */,
				D6988A2E18839DB600DEC402 /* Release */,
			);
			defaultConfigurationIsVisible = 0;
			defaultConfigurationName = Release;
		};
		D6D571F917937C9100034AF3 /* Build configuration list for PBXAggregateTarget "Mogenerator" */ = {
			isa = XCConfigurationList;
			buildConfigurations = (
				D6D571FA17937C9100034AF3 /* Debug */,
				D6D571FB17937C9100034AF3 /* Release */,
			);
			defaultConfigurationIsVisible = 0;
			defaultConfigurationName = Release;
		};
/* End XCConfigurationList section */

/* Begin XCVersionGroup section */
		D6C6F15718B27AD3003A8C92 /* KOResume.xcdatamodeld */ = {
			isa = XCVersionGroup;
			children = (
				D6C6F15818B27AD3003A8C92 /* KOResume.xcdatamodel */,
			);
			currentVersion = D6C6F15818B27AD3003A8C92 /* KOResume.xcdatamodel */;
			name = KOResume.xcdatamodeld;
			path = Classes/DataModel/KOResume.xcdatamodeld;
			sourceTree = "<group>";
			versionGroupType = wrapper.xcdatamodel;
		};
/* End XCVersionGroup section */
	};
	rootObject = D63D82B1179311350065F0A9 /* Project object */;
}
